// !$*UTF8*$!
{
	archiveVersion = 1;
	classes = {
	};
	objectVersion = 55;
	objects = {

/* Begin PBXBuildFile section */
		2C7D36EA2674F26900F538D4 /* main.swift in Sources */ = {isa = PBXBuildFile; fileRef = 2C7D36E92674F26900F538D4 /* main.swift */; };
/* End PBXBuildFile section */

/* Begin PBXCopyFilesBuildPhase section */
		2C7D36E42674F26900F538D4 /* CopyFiles */ = {
			isa = PBXCopyFilesBuildPhase;
			buildActionMask = 2147483647;
			dstPath = /usr/share/man/man1/;
			dstSubfolderSpec = 0;
			files = (
			);
			runOnlyForDeploymentPostprocessing = 1;
		};
/* End PBXCopyFilesBuildPhase section */

/* Begin PBXFileReference section */
		2C7D36E62674F26900F538D4 /* PhotogrammetryMaker */ = {isa = PBXFileReference; explicitFileType = "compiled.mach-o.executable"; includeInIndex = 0; path = PhotogrammetryMaker; sourceTree = BUILT_PRODUCTS_DIR; };
		2C7D36E92674F26900F538D4 /* main.swift */ = {isa = PBXFileReference; lastKnownFileType = sourcecode.swift; path = main.swift; sourceTree = "<group>"; };
		2C7D36FC2674F68800F538D4 /* IMG_0058_B.HEIC */ = {isa = PBXFileReference; lastKnownFileType = file; path = IMG_0058_B.HEIC; sourceTree = "<group>"; };
		2C7D36FD2674F68800F538D4 /* IMG_0103_C.HEIC */ = {isa = PBXFileReference; lastKnownFileType = file; path = IMG_0103_C.HEIC; sourceTree = "<group>"; };
		2C7D36FE2674F68800F538D4 /* IMG_0043_A.HEIC */ = {isa = PBXFileReference; lastKnownFileType = file; path = IMG_0043_A.HEIC; sourceTree = "<group>"; };
		2C7D36FF2674F68800F538D4 /* IMG_0070_B.HEIC */ = {isa = PBXFileReference; lastKnownFileType = file; path = IMG_0070_B.HEIC; sourceTree = "<group>"; };
		2C7D37002674F68800F538D4 /* IMG_0022_A.HEIC */ = {isa = PBXFileReference; lastKnownFileType = file; path = IMG_0022_A.HEIC; sourceTree = "<group>"; };
		2C7D37012674F68800F538D4 /* IMG_0091_C.HEIC */ = {isa = PBXFileReference; lastKnownFileType = file; path = IMG_0091_C.HEIC; sourceTree = "<group>"; };
		2C7D37022674F68800F538D4 /* IMG_0064_B.HEIC */ = {isa = PBXFileReference; lastKnownFileType = file; path = IMG_0064_B.HEIC; sourceTree = "<group>"; };
		2C7D37032674F68800F538D4 /* IMG_0121_C.HEIC */ = {isa = PBXFileReference; lastKnownFileType = file; path = IMG_0121_C.HEIC; sourceTree = "<group>"; };
		2C7D37042674F68800F538D4 /* IMG_0076_B.HEIC */ = {isa = PBXFileReference; lastKnownFileType = file; path = IMG_0076_B.HEIC; sourceTree = "<group>"; };
		2C7D37052674F68800F538D4 /* IMG_0049_A.HEIC */ = {isa = PBXFileReference; lastKnownFileType = file; path = IMG_0049_A.HEIC; sourceTree = "<group>"; };
		2C7D37062674F68800F538D4 /* IMG_0034_A.HEIC */ = {isa = PBXFileReference; lastKnownFileType = file; path = IMG_0034_A.HEIC; sourceTree = "<group>"; };
		2C7D37072674F68800F538D4 /* IMG_0109_C.HEIC */ = {isa = PBXFileReference; lastKnownFileType = file; path = IMG_0109_C.HEIC; sourceTree = "<group>"; };
		2C7D37082674F68800F538D4 /* IMG_0085_B.HEIC */ = {isa = PBXFileReference; lastKnownFileType = file; path = IMG_0085_B.HEIC; sourceTree = "<group>"; };
		2C7D37092674F68800F538D4 /* IMG_0097_C.HEIC */ = {isa = PBXFileReference; lastKnownFileType = file; path = IMG_0097_C.HEIC; sourceTree = "<group>"; };
		2C7D370A2674F68800F538D4 /* IMG_0115_C.HEIC */ = {isa = PBXFileReference; lastKnownFileType = file; path = IMG_0115_C.HEIC; sourceTree = "<group>"; };
		2C7D370B2674F68800F538D4 /* IMG_0028_A.HEIC */ = {isa = PBXFileReference; lastKnownFileType = file; path = IMG_0028_A.HEIC; sourceTree = "<group>"; };
		2C7D370C2674F68800F538D4 /* IMG_0055_B.HEIC */ = {isa = PBXFileReference; lastKnownFileType = file; path = IMG_0055_B.HEIC; sourceTree = "<group>"; };
		2C7D370D2674F68800F538D4 /* IMG_0082_B.HEIC */ = {isa = PBXFileReference; lastKnownFileType = file; path = IMG_0082_B.HEIC; sourceTree = "<group>"; };
		2C7D370E2674F68800F538D4 /* IMG_0019_A.HEIC */ = {isa = PBXFileReference; lastKnownFileType = file; path = IMG_0019_A.HEIC; sourceTree = "<group>"; };
		2C7D370F2674F68800F538D4 /* IMG_0073_B.HEIC */ = {isa = PBXFileReference; lastKnownFileType = file; path = IMG_0073_B.HEIC; sourceTree = "<group>"; };
		2C7D37102674F68800F538D4 /* IMG_0124_C.HEIC */ = {isa = PBXFileReference; lastKnownFileType = file; path = IMG_0124_C.HEIC; sourceTree = "<group>"; };
		2C7D37112674F68800F538D4 /* IMG_0061_B.HEIC */ = {isa = PBXFileReference; lastKnownFileType = file; path = IMG_0061_B.HEIC; sourceTree = "<group>"; };
		2C7D37122674F68800F538D4 /* IMG_0040_A.HEIC */ = {isa = PBXFileReference; lastKnownFileType = file; path = IMG_0040_A.HEIC; sourceTree = "<group>"; };
		2C7D37132674F68800F538D4 /* IMG_0112_C.HEIC */ = {isa = PBXFileReference; lastKnownFileType = file; path = IMG_0112_C.HEIC; sourceTree = "<group>"; };
		2C7D37142674F68800F538D4 /* IMG_0100_C.HEIC */ = {isa = PBXFileReference; lastKnownFileType = file; path = IMG_0100_C.HEIC; sourceTree = "<group>"; };
		2C7D37152674F68800F538D4 /* IMG_0052_A.HEIC */ = {isa = PBXFileReference; lastKnownFileType = file; path = IMG_0052_A.HEIC; sourceTree = "<group>"; };
		2C7D37162674F68800F538D4 /* IMG_0031_A.HEIC */ = {isa = PBXFileReference; lastKnownFileType = file; path = IMG_0031_A.HEIC; sourceTree = "<group>"; };
		2C7D37172674F68800F538D4 /* IMG_0094_C.HEIC */ = {isa = PBXFileReference; lastKnownFileType = file; path = IMG_0094_C.HEIC; sourceTree = "<group>"; };
		2C7D37182674F68800F538D4 /* IMG_0088_B.HEIC */ = {isa = PBXFileReference; lastKnownFileType = file; path = IMG_0088_B.HEIC; sourceTree = "<group>"; };
		2C7D37192674F68800F538D4 /* IMG_0025_A.HEIC */ = {isa = PBXFileReference; lastKnownFileType = file; path = IMG_0025_A.HEIC; sourceTree = "<group>"; };
		2C7D371A2674F68800F538D4 /* IMG_0046_A.HEIC */ = {isa = PBXFileReference; lastKnownFileType = file; path = IMG_0046_A.HEIC; sourceTree = "<group>"; };
		2C7D371B2674F68800F538D4 /* IMG_0037_A.HEIC */ = {isa = PBXFileReference; lastKnownFileType = file; path = IMG_0037_A.HEIC; sourceTree = "<group>"; };
		2C7D371C2674F68800F538D4 /* IMG_0118_C.HEIC */ = {isa = PBXFileReference; lastKnownFileType = file; path = IMG_0118_C.HEIC; sourceTree = "<group>"; };
		2C7D371D2674F68800F538D4 /* IMG_0106_C.HEIC */ = {isa = PBXFileReference; lastKnownFileType = file; path = IMG_0106_C.HEIC; sourceTree = "<group>"; };
		2C7D371E2674F68800F538D4 /* IMG_0067_B.HEIC */ = {isa = PBXFileReference; lastKnownFileType = file; path = IMG_0067_B.HEIC; sourceTree = "<group>"; };
		2C7D371F2674F68800F538D4 /* IMG_0079_B.HEIC */ = {isa = PBXFileReference; lastKnownFileType = file; path = IMG_0079_B.HEIC; sourceTree = "<group>"; };
/* End PBXFileReference section */

/* Begin PBXFrameworksBuildPhase section */
		2C7D36E32674F26900F538D4 /* Frameworks */ = {
			isa = PBXFrameworksBuildPhase;
			buildActionMask = 2147483647;
			files = (
			);
			runOnlyForDeploymentPostprocessing = 0;
		};
/* End PBXFrameworksBuildPhase section */

/* Begin PBXGroup section */
		2C7D36DD2674F26900F538D4 = {
			isa = PBXGroup;
			children = (
				2C7D36FB2674F68800F538D4 /* Rock36Images */,
				2C7D36E82674F26900F538D4 /* PhotogrammetryMaker */,
				2C7D36E72674F26900F538D4 /* Products */,
			);
			sourceTree = "<group>";
		};
		2C7D36E72674F26900F538D4 /* Products */ = {
			isa = PBXGroup;
			children = (
				2C7D36E62674F26900F538D4 /* PhotogrammetryMaker */,
			);
			name = Products;
			sourceTree = "<group>";
		};
		2C7D36E82674F26900F538D4 /* PhotogrammetryMaker */ = {
			isa = PBXGroup;
			children = (
				2C7D36E92674F26900F538D4 /* main.swift */,
			);
			path = PhotogrammetryMaker;
			sourceTree = "<group>";
		};
		2C7D36FB2674F68800F538D4 /* Rock36Images */ = {
			isa = PBXGroup;
			children = (
				2C7D36FC2674F68800F538D4 /* IMG_0058_B.HEIC */,
				2C7D36FD2674F68800F538D4 /* IMG_0103_C.HEIC */,
				2C7D36FE2674F68800F538D4 /* IMG_0043_A.HEIC */,
				2C7D36FF2674F68800F538D4 /* IMG_0070_B.HEIC */,
				2C7D37002674F68800F538D4 /* IMG_0022_A.HEIC */,
				2C7D37012674F68800F538D4 /* IMG_0091_C.HEIC */,
				2C7D37022674F68800F538D4 /* IMG_0064_B.HEIC */,
				2C7D37032674F68800F538D4 /* IMG_0121_C.HEIC */,
				2C7D37042674F68800F538D4 /* IMG_0076_B.HEIC */,
				2C7D37052674F68800F538D4 /* IMG_0049_A.HEIC */,
				2C7D37062674F68800F538D4 /* IMG_0034_A.HEIC */,
				2C7D37072674F68800F538D4 /* IMG_0109_C.HEIC */,
				2C7D37082674F68800F538D4 /* IMG_0085_B.HEIC */,
				2C7D37092674F68800F538D4 /* IMG_0097_C.HEIC */,
				2C7D370A2674F68800F538D4 /* IMG_0115_C.HEIC */,
				2C7D370B2674F68800F538D4 /* IMG_0028_A.HEIC */,
				2C7D370C2674F68800F538D4 /* IMG_0055_B.HEIC */,
				2C7D370D2674F68800F538D4 /* IMG_0082_B.HEIC */,
				2C7D370E2674F68800F538D4 /* IMG_0019_A.HEIC */,
				2C7D370F2674F68800F538D4 /* IMG_0073_B.HEIC */,
				2C7D37102674F68800F538D4 /* IMG_0124_C.HEIC */,
				2C7D37112674F68800F538D4 /* IMG_0061_B.HEIC */,
				2C7D37122674F68800F538D4 /* IMG_0040_A.HEIC */,
				2C7D37132674F68800F538D4 /* IMG_0112_C.HEIC */,
				2C7D37142674F68800F538D4 /* IMG_0100_C.HEIC */,
				2C7D37152674F68800F538D4 /* IMG_0052_A.HEIC */,
				2C7D37162674F68800F538D4 /* IMG_0031_A.HEIC */,
				2C7D37172674F68800F538D4 /* IMG_0094_C.HEIC */,
				2C7D37182674F68800F538D4 /* IMG_0088_B.HEIC */,
				2C7D37192674F68800F538D4 /* IMG_0025_A.HEIC */,
				2C7D371A2674F68800F538D4 /* IMG_0046_A.HEIC */,
				2C7D371B2674F68800F538D4 /* IMG_0037_A.HEIC */,
				2C7D371C2674F68800F538D4 /* IMG_0118_C.HEIC */,
				2C7D371D2674F68800F538D4 /* IMG_0106_C.HEIC */,
				2C7D371E2674F68800F538D4 /* IMG_0067_B.HEIC */,
				2C7D371F2674F68800F538D4 /* IMG_0079_B.HEIC */,
			);
			path = Rock36Images;
			sourceTree = "<group>";
		};
/* End PBXGroup section */

/* Begin PBXNativeTarget section */
		2C7D36E52674F26900F538D4 /* PhotogrammetryMaker */ = {
			isa = PBXNativeTarget;
			buildConfigurationList = 2C7D36ED2674F26900F538D4 /* Build configuration list for PBXNativeTarget "PhotogrammetryMaker" */;
			buildPhases = (
				2C7D36E22674F26900F538D4 /* Sources */,
				2C7D36E32674F26900F538D4 /* Frameworks */,
				2C7D36E42674F26900F538D4 /* CopyFiles */,
			);
			buildRules = (
			);
			dependencies = (
			);
			name = PhotogrammetryMaker;
			productName = PhotogrammetryMaker;
			productReference = 2C7D36E62674F26900F538D4 /* PhotogrammetryMaker */;
			productType = "com.apple.product-type.tool";
		};
/* End PBXNativeTarget section */

/* Begin PBXProject section */
		2C7D36DE2674F26900F538D4 /* Project object */ = {
			isa = PBXProject;
			attributes = {
				BuildIndependentTargetsInParallel = 1;
				LastSwiftUpdateCheck = 1300;
				LastUpgradeCheck = 1300;
				TargetAttributes = {
					2C7D36E52674F26900F538D4 = {
						CreatedOnToolsVersion = 13.0;
					};
				};
			};
			buildConfigurationList = 2C7D36E12674F26900F538D4 /* Build configuration list for PBXProject "PhotogrammetryMaker" */;
			compatibilityVersion = "Xcode 13.0";
			developmentRegion = en;
			hasScannedForEncodings = 0;
			knownRegions = (
				en,
				Base,
			);
			mainGroup = 2C7D36DD2674F26900F538D4;
			productRefGroup = 2C7D36E72674F26900F538D4 /* Products */;
			projectDirPath = "";
			projectRoot = "";
			targets = (
				2C7D36E52674F26900F538D4 /* PhotogrammetryMaker */,
			);
		};
/* End PBXProject section */

/* Begin PBXSourcesBuildPhase section */
		2C7D36E22674F26900F538D4 /* Sources */ = {
			isa = PBXSourcesBuildPhase;
			buildActionMask = 2147483647;
			files = (
				2C7D36EA2674F26900F538D4 /* main.swift in Sources */,
			);
			runOnlyForDeploymentPostprocessing = 0;
		};
/* End PBXSourcesBuildPhase section */

/* Begin XCBuildConfiguration section */
		2C7D36EB2674F26900F538D4 /* Debug */ = {
			isa = XCBuildConfiguration;
			buildSettings = {
				ALWAYS_SEARCH_USER_PATHS = NO;
				CLANG_ANALYZER_NONNULL = YES;
				CLANG_ANALYZER_NUMBER_OBJECT_CONVERSION = YES_AGGRESSIVE;
				CLANG_CXX_LANGUAGE_STANDARD = "gnu++14";
				CLANG_CXX_LIBRARY = "libc++";
				CLANG_ENABLE_MODULES = YES;
				CLANG_ENABLE_OBJC_ARC = YES;
				CLANG_ENABLE_OBJC_WEAK = YES;
				CLANG_WARN_BLOCK_CAPTURE_AUTORELEASING = YES;
				CLANG_WARN_BOOL_CONVERSION = YES;
				CLANG_WARN_COMMA = YES;
				CLANG_WARN_CONSTANT_CONVERSION = YES;
				CLANG_WARN_DEPRECATED_OBJC_IMPLEMENTATIONS = YES;
				CLANG_WARN_DIRECT_OBJC_ISA_USAGE = YES_ERROR;
				CLANG_WARN_DOCUMENTATION_COMMENTS = YES;
				CLANG_WARN_EMPTY_BODY = YES;
				CLANG_WARN_ENUM_CONVERSION = YES;
				CLANG_WARN_INFINITE_RECURSION = YES;
				CLANG_WARN_INT_CONVERSION = YES;
				CLANG_WARN_NON_LITERAL_NULL_CONVERSION = YES;
				CLANG_WARN_OBJC_IMPLICIT_RETAIN_SELF = YES;
				CLANG_WARN_OBJC_LITERAL_CONVERSION = YES;
				CLANG_WARN_OBJC_ROOT_CLASS = YES_ERROR;
				CLANG_WARN_QUOTED_INCLUDE_IN_FRAMEWORK_HEADER = YES;
				CLANG_WARN_RANGE_LOOP_ANALYSIS = YES;
				CLANG_WARN_STRICT_PROTOTYPES = YES;
				CLANG_WARN_SUSPICIOUS_MOVE = YES;
				CLANG_WARN_UNGUARDED_AVAILABILITY = YES_AGGRESSIVE;
				CLANG_WARN_UNREACHABLE_CODE = YES;
				CLANG_WARN__DUPLICATE_METHOD_MATCH = YES;
				COPY_PHASE_STRIP = NO;
				DEBUG_INFORMATION_FORMAT = dwarf;
				ENABLE_STRICT_OBJC_MSGSEND = YES;
				ENABLE_TESTABILITY = YES;
				GCC_C_LANGUAGE_STANDARD = gnu11;
				GCC_DYNAMIC_NO_PIC = NO;
				GCC_NO_COMMON_BLOCKS = YES;
				GCC_OPTIMIZATION_LEVEL = 0;
				GCC_PREPROCESSOR_DEFINITIONS = (
					"DEBUG=1",
					"$(inherited)",
				);
				GCC_WARN_64_TO_32_BIT_CONVERSION = YES;
				GCC_WARN_ABOUT_RETURN_TYPE = YES_ERROR;
				GCC_WARN_UNDECLARED_SELECTOR = YES;
				GCC_WARN_UNINITIALIZED_AUTOS = YES_AGGRESSIVE;
				GCC_WARN_UNUSED_FUNCTION = YES;
				GCC_WARN_UNUSED_VARIABLE = YES;
				MACOSX_DEPLOYMENT_TARGET = 12.0;
				MTL_ENABLE_DEBUG_INFO = INCLUDE_SOURCE;
				MTL_FAST_MATH = YES;
				ONLY_ACTIVE_ARCH = YES;
				SDKROOT = macosx;
				SWIFT_ACTIVE_COMPILATION_CONDITIONS = DEBUG;
				SWIFT_OPTIMIZATION_LEVEL = "-Onone";
			};
			name = Debug;
		};
		2C7D36EC2674F26900F538D4 /* Release */ = {
			isa = XCBuildConfiguration;
			buildSettings = {
				ALWAYS_SEARCH_USER_PATHS = NO;
				CLANG_ANALYZER_NONNULL = YES;
				CLANG_ANALYZER_NUMBER_OBJECT_CONVERSION = YES_AGGRESSIVE;
				CLANG_CXX_LANGUAGE_STANDARD = "gnu++14";
				CLANG_CXX_LIBRARY = "libc++";
				CLANG_ENABLE_MODULES = YES;
				CLANG_ENABLE_OBJC_ARC = YES;
				CLANG_ENABLE_OBJC_WEAK = YES;
				CLANG_WARN_BLOCK_CAPTURE_AUTORELEASING = YES;
				CLANG_WARN_BOOL_CONVERSION = YES;
				CLANG_WARN_COMMA = YES;
				CLANG_WARN_CONSTANT_CONVERSION = YES;
				CLANG_WARN_DEPRECATED_OBJC_IMPLEMENTATIONS = YES;
				CLANG_WARN_DIRECT_OBJC_ISA_USAGE = YES_ERROR;
				CLANG_WARN_DOCUMENTATION_COMMENTS = YES;
				CLANG_WARN_EMPTY_BODY = YES;
				CLANG_WARN_ENUM_CONVERSION = YES;
				CLANG_WARN_INFINITE_RECURSION = YES;
				CLANG_WARN_INT_CONVERSION = YES;
				CLANG_WARN_NON_LITERAL_NULL_CONVERSION = YES;
				CLANG_WARN_OBJC_IMPLICIT_RETAIN_SELF = YES;
				CLANG_WARN_OBJC_LITERAL_CONVERSION = YES;
				CLANG_WARN_OBJC_ROOT_CLASS = YES_ERROR;
				CLANG_WARN_QUOTED_INCLUDE_IN_FRAMEWORK_HEADER = YES;
				CLANG_WARN_RANGE_LOOP_ANALYSIS = YES;
				CLANG_WARN_STRICT_PROTOTYPES = YES;
				CLANG_WARN_SUSPICIOUS_MOVE = YES;
				CLANG_WARN_UNGUARDED_AVAILABILITY = YES_AGGRESSIVE;
				CLANG_WARN_UNREACHABLE_CODE = YES;
				CLANG_WARN__DUPLICATE_METHOD_MATCH = YES;
				COPY_PHASE_STRIP = NO;
				DEBUG_INFORMATION_FORMAT = "dwarf-with-dsym";
				ENABLE_NS_ASSERTIONS = NO;
				ENABLE_STRICT_OBJC_MSGSEND = YES;
				GCC_C_LANGUAGE_STANDARD = gnu11;
				GCC_NO_COMMON_BLOCKS = YES;
				GCC_WARN_64_TO_32_BIT_CONVERSION = YES;
				GCC_WARN_ABOUT_RETURN_TYPE = YES_ERROR;
				GCC_WARN_UNDECLARED_SELECTOR = YES;
				GCC_WARN_UNINITIALIZED_AUTOS = YES_AGGRESSIVE;
				GCC_WARN_UNUSED_FUNCTION = YES;
				GCC_WARN_UNUSED_VARIABLE = YES;
				MACOSX_DEPLOYMENT_TARGET = 12.0;
				MTL_ENABLE_DEBUG_INFO = NO;
				MTL_FAST_MATH = YES;
				SDKROOT = macosx;
				SWIFT_COMPILATION_MODE = wholemodule;
				SWIFT_OPTIMIZATION_LEVEL = "-O";
			};
			name = Release;
		};
		2C7D36EE2674F26900F538D4 /* Debug */ = {
			isa = XCBuildConfiguration;
			buildSettings = {
				CODE_SIGN_STYLE = Automatic;
				DEVELOPMENT_TEAM = DXUKH9VF73;
				ENABLE_HARDENED_RUNTIME = YES;
				PRODUCT_NAME = "$(TARGET_NAME)";
				SWIFT_VERSION = 5.0;
			};
			name = Debug;
		};
		2C7D36EF2674F26900F538D4 /* Release */ = {
			isa = XCBuildConfiguration;
			buildSettings = {
				CODE_SIGN_STYLE = Automatic;
				DEVELOPMENT_TEAM = DXUKH9VF73;
				ENABLE_HARDENED_RUNTIME = YES;
				PRODUCT_NAME = "$(TARGET_NAME)";
				SWIFT_VERSION = 5.0;
			};
			name = Release;
		};
/* End XCBuildConfiguration section */

/* Begin XCConfigurationList section */
		2C7D36E12674F26900F538D4 /* Build configuration list for PBXProject "PhotogrammetryMaker" */ = {
			isa = XCConfigurationList;
			buildConfigurations = (
				2C7D36EB2674F26900F538D4 /* Debug */,
				2C7D36EC2674F26900F538D4 /* Release */,
			);
			defaultConfigurationIsVisible = 0;
			defaultConfigurationName = Release;
		};
		2C7D36ED2674F26900F538D4 /* Build configuration list for PBXNativeTarget "PhotogrammetryMaker" */ = {
			isa = XCConfigurationList;
			buildConfigurations = (
				2C7D36EE2674F26900F538D4 /* Debug */,
				2C7D36EF2674F26900F538D4 /* Release */,
			);
			defaultConfigurationIsVisible = 0;
			defaultConfigurationName = Release;
		};
/* End XCConfigurationList section */
	};
	rootObject = 2C7D36DE2674F26900F538D4 /* Project object */;
}
